
Microsoft Visual Studio Solution File, Format Version 12.00
# Visual Studio Version 16
VisualStudioVersion = 16.0.30717.126
MinimumVisualStudioVersion = 10.0.40219.1
Project("{2150E333-8FDC-42A3-9474-1A3956D46DE8}") = "ThirdParty", "ThirdParty", "{33FF54A0-2141-44B7-8BEC-B2ADF86FCAFD}"
EndProject
Project("{8BC9CEB8-8B4A-11D0-8D11-00A0C91BC942}") = "glfw", "ThirdParty\glfw.vcxproj", "{44DCBEF6-08A6-38FF-8F75-ABB874F2CC15}"
EndProject
Project("{8BC9CEB8-8B4A-11D0-8D11-00A0C91BC942}") = "Engine", "Engine\Engine.vcxproj", "{057F27BB-EF93-4F39-9EDE-F53C5741131F}"
	ProjectSection(ProjectDependencies) = postProject
		{44DCBEF6-08A6-38FF-8F75-ABB874F2CC15} = {44DCBEF6-08A6-38FF-8F75-ABB874F2CC15}
	EndProjectSection
EndProject
Project("{8BC9CEB8-8B4A-11D0-8D11-00A0C91BC942}") = "AntColony", "AntColony\AntColony.vcxproj", "{7DC9177F-01AE-4BA5-88F5-399BEBDA7D20}"
	ProjectSection(ProjectDependencies) = postProject
		{057F27BB-EF93-4F39-9EDE-F53C5741131F} = {057F27BB-EF93-4F39-9EDE-F53C5741131F}
	EndProjectSection
EndProject
Global
	GlobalSection(SolutionConfigurationPlatforms) = preSolution
		Debug|x64 = Debug|x64
		Debug|x86 = Debug|x86
		Release|x64 = Release|x64
		Release|x86 = Release|x86
	EndGlobalSection
	GlobalSection(ProjectConfigurationPlatforms) = postSolution
		{44DCBEF6-08A6-38FF-8F75-ABB874F2CC15}.Debug|x64.ActiveCfg = Debug|x64
		{44DCBEF6-08A6-38FF-8F75-ABB874F2CC15}.Debug|x64.Build.0 = Debug|x64
		{44DCBEF6-08A6-38FF-8F75-ABB874F2CC15}.Debug|x86.ActiveCfg = Debug|x64
		{44DCBEF6-08A6-38FF-8F75-ABB874F2CC15}.Release|x64.ActiveCfg = Release|x64
		{44DCBEF6-08A6-38FF-8F75-ABB874F2CC15}.Release|x64.Build.0 = Release|x64
		{44DCBEF6-08A6-38FF-8F75-ABB874F2CC15}.Release|x86.ActiveCfg = Release|x64
		{057F27BB-EF93-4F39-9EDE-F53C5741131F}.Debug|x64.ActiveCfg = Debug|x64
		{057F27BB-EF93-4F39-9EDE-F53C5741131F}.Debug|x64.Build.0 = Debug|x64
		{057F27BB-EF93-4F39-9EDE-F53C5741131F}.Debug|x86.ActiveCfg = Debug|x64
		{057F27BB-EF93-4F39-9EDE-F53C5741131F}.Release|x64.ActiveCfg = Release|x64
		{057F27BB-EF93-4F39-9EDE-F53C5741131F}.Release|x64.Build.0 = Release|x64
		{057F27BB-EF93-4F39-9EDE-F53C5741131F}.Release|x86.ActiveCfg = Release|x64
		{7DC9177F-01AE-4BA5-88F5-399BEBDA7D20}.Debug|x64.ActiveCfg = Debug|x64
		{7DC9177F-01AE-4BA5-88F5-399BEBDA7D20}.Debug|x64.Build.0 = Debug|x64
		{7DC9177F-01AE-4BA5-88F5-399BEBDA7D20}.Debug|x86.ActiveCfg = Debug|x64
		{7DC9177F-01AE-4BA5-88F5-399BEBDA7D20}.Release|x64.ActiveCfg = Release|x64
		{7DC9177F-01AE-4BA5-88F5-399BEBDA7D20}.Release|x64.Build.0 = Release|x64
		{7DC9177F-01AE-4BA5-88F5-399BEBDA7D20}.Release|x86.ActiveCfg = Release|x64
	EndGlobalSection
	GlobalSection(SolutionProperties) = preSolution
		HideSolutionNode = FALSE
	EndGlobalSection
	GlobalSection(NestedProjects) = preSolution
		{44DCBEF6-08A6-38FF-8F75-ABB874F2CC15} = {33FF54A0-2141-44B7-8BEC-B2ADF86FCAFD}
	EndGlobalSection
	GlobalSection(ExtensibilityGlobals) = postSolution
		SolutionGuid = {4F509818-4BDA-4B8E-9EF6-F05A20A27F59}
	EndGlobalSection
EndGlobal
